
Microsoft Visual Studio Solution File, Format Version 12.00
# Visual Studio Version 16
VisualStudioVersion = 16.0.30804.86
MinimumVisualStudioVersion = 10.0.40219.1
Project("{FAE04EC0-301F-11D3-BF4B-00C04F79EFBC}") = "job-portal", "job-portal\job-portal.csproj", "{DE5F2FC9-79C1-4B14-BC0A-9F314CFEC552}"
EndProject
Global
	GlobalSection(SolutionConfigurationPlatforms) = preSolution
		Debug|Any CPU = Debug|Any CPU
		Release|Any CPU = Release|Any CPU
	EndGlobalSection
	GlobalSection(ProjectConfigurationPlatforms) = postSolution
		{DE5F2FC9-79C1-4B14-BC0A-9F314CFEC552}.Debug|Any CPU.ActiveCfg = Debug|Any CPU
		{DE5F2FC9-79C1-4B14-BC0A-9F314CFEC552}.Debug|Any CPU.Build.0 = Debug|Any CPU
		{DE5F2FC9-79C1-4B14-BC0A-9F314CFEC552}.Release|Any CPU.ActiveCfg = Release|Any CPU
		{DE5F2FC9-79C1-4B14-BC0A-9F314CFEC552}.Release|Any CPU.Build.0 = Release|Any CPU
	EndGlobalSection
	GlobalSection(SolutionProperties) = preSolution
		HideSolutionNode = FALSE
	EndGlobalSection
	GlobalSection(ExtensibilityGlobals) = postSolution
		SolutionGuid = {989082B0-6D69-432F-81C0-CC36696A02B1}
	EndGlobalSection
EndGlobal
